
Microsoft Visual Studio Solution File, Format Version 12.00
# Visual Studio Version 16
VisualStudioVersion = 16.0.30128.74
MinimumVisualStudioVersion = 10.0.40219.1
Project("{FAE04EC0-301F-11D3-BF4B-00C04F79EFBC}") = "SpaceCollision", "SpaceCollision.csproj", "{4172F339-AFE4-4530-A2CA-896F8981153F}"
EndProject
Global
	GlobalSection(SolutionConfigurationPlatforms) = preSolution
		Debug|Any CPU = Debug|Any CPU
		Release|Any CPU = Release|Any CPU
	EndGlobalSection
	GlobalSection(ProjectConfigurationPlatforms) = postSolution
		{4172F339-AFE4-4530-A2CA-896F8981153F}.Debug|Any CPU.ActiveCfg = Debug|Any CPU
		{4172F339-AFE4-4530-A2CA-896F8981153F}.Debug|Any CPU.Build.0 = Debug|Any CPU
		{4172F339-AFE4-4530-A2CA-896F8981153F}.Release|Any CPU.ActiveCfg = Release|Any CPU
		{4172F339-AFE4-4530-A2CA-896F8981153F}.Release|Any CPU.Build.0 = Release|Any CPU
	EndGlobalSection
	GlobalSection(SolutionProperties) = preSolution
		HideSolutionNode = FALSE
	EndGlobalSection
	GlobalSection(ExtensibilityGlobals) = postSolution
		SolutionGuid = {C9029E43-E114-4548-926F-7D36BBA22DE8}
	EndGlobalSection
EndGlobal
